
Microsoft Visual Studio Solution File, Format Version 12.00
# Visual Studio Version 17
VisualStudioVersion = 17.11.35303.130
MinimumVisualStudioVersion = 10.0.40219.1
Project("{FAE04EC0-301F-11D3-BF4B-00C04F79EFBC}") = "WpfApp5", "WpfApp5\WpfApp5.csproj", "{64612CA0-FC10-414A-924F-5217CD28B2BC}"
EndProject
Global
	GlobalSection(SolutionConfigurationPlatforms) = preSolution
		Debug|Any CPU = Debug|Any CPU
		Release|Any CPU = Release|Any CPU
	EndGlobalSection
	GlobalSection(ProjectConfigurationPlatforms) = postSolution
		{64612CA0-FC10-414A-924F-5217CD28B2BC}.Debug|Any CPU.ActiveCfg = Debug|Any CPU
		{64612CA0-FC10-414A-924F-5217CD28B2BC}.Debug|Any CPU.Build.0 = Debug|Any CPU
		{64612CA0-FC10-414A-924F-5217CD28B2BC}.Release|Any CPU.ActiveCfg = Release|Any CPU
		{64612CA0-FC10-414A-924F-5217CD28B2BC}.Release|Any CPU.Build.0 = Release|Any CPU
	EndGlobalSection
	GlobalSection(SolutionProperties) = preSolution
		HideSolutionNode = FALSE
	EndGlobalSection
	GlobalSection(ExtensibilityGlobals) = postSolution
		SolutionGuid = {83BF9923-28B8-4546-969A-94D3BA6641D8}
	EndGlobalSection
EndGlobal
